
Microsoft Visual Studio Solution File, Format Version 12.00
# Visual Studio Version 17
VisualStudioVersion = 17.6.33815.320
MinimumVisualStudioVersion = 10.0.40219.1
Project("{FAE04EC0-301F-11D3-BF4B-00C04F79EFBC}") = "PraticePageSeleniumTest", "PraticePageSeleniumTest.csproj", "{3C445BC9-CC12-4FCF-BC35-59D78D96E275}"
EndProject
Global
	GlobalSection(SolutionConfigurationPlatforms) = preSolution
		Debug|Any CPU = Debug|Any CPU
		Release|Any CPU = Release|Any CPU
	EndGlobalSection
	GlobalSection(ProjectConfigurationPlatforms) = postSolution
		{3C445BC9-CC12-4FCF-BC35-59D78D96E275}.Debug|Any CPU.ActiveCfg = Debug|Any CPU
		{3C445BC9-CC12-4FCF-BC35-59D78D96E275}.Debug|Any CPU.Build.0 = Debug|Any CPU
		{3C445BC9-CC12-4FCF-BC35-59D78D96E275}.Release|Any CPU.ActiveCfg = Release|Any CPU
		{3C445BC9-CC12-4FCF-BC35-59D78D96E275}.Release|Any CPU.Build.0 = Release|Any CPU
	EndGlobalSection
	GlobalSection(SolutionProperties) = preSolution
		HideSolutionNode = FALSE
	EndGlobalSection
	GlobalSection(ExtensibilityGlobals) = postSolution
		SolutionGuid = {A65BCDC6-35F9-4EAF-84BB-73395DB12096}
	EndGlobalSection
EndGlobal
